
Microsoft Visual Studio Solution File, Format Version 12.00
# Visual Studio Version 17
VisualStudioVersion = 17.3.32811.315
MinimumVisualStudioVersion = 10.0.40219.1
Project("{9A19103F-16F7-4668-BE54-9A1E7A4F7556}") = "Integradora.Publish.RabbitMQ", "Integradora.Publish.RabbitMQ.csproj", "{25659BD4-0E06-46D7-9248-0D4EF53EA9B8}"
EndProject
Global
	GlobalSection(SolutionConfigurationPlatforms) = preSolution
		Debug|Any CPU = Debug|Any CPU
		Release|Any CPU = Release|Any CPU
	EndGlobalSection
	GlobalSection(ProjectConfigurationPlatforms) = postSolution
		{25659BD4-0E06-46D7-9248-0D4EF53EA9B8}.Debug|Any CPU.ActiveCfg = Debug|Any CPU
		{25659BD4-0E06-46D7-9248-0D4EF53EA9B8}.Debug|Any CPU.Build.0 = Debug|Any CPU
		{25659BD4-0E06-46D7-9248-0D4EF53EA9B8}.Release|Any CPU.ActiveCfg = Release|Any CPU
		{25659BD4-0E06-46D7-9248-0D4EF53EA9B8}.Release|Any CPU.Build.0 = Release|Any CPU
	EndGlobalSection
	GlobalSection(SolutionProperties) = preSolution
		HideSolutionNode = FALSE
	EndGlobalSection
	GlobalSection(ExtensibilityGlobals) = postSolution
		SolutionGuid = {2EBD05D0-8436-4426-9FF7-DC00CC0D931A}
	EndGlobalSection
EndGlobal
